
Microsoft Visual Studio Solution File, Format Version 12.00
# Visual Studio Version 16
VisualStudioVersion = 16.0.31613.86
MinimumVisualStudioVersion = 10.0.40219.1
Project("{FAE04EC0-301F-11D3-BF4B-00C04F79EFBC}") = "KafkaTest1", "KafkaTest1\KafkaTest1.csproj", "{7DC66FCA-3853-468A-914D-8FFFE9D2237A}"
EndProject
Project("{FAE04EC0-301F-11D3-BF4B-00C04F79EFBC}") = "KafkaLib", "KafkaLib\KafkaLib.csproj", "{127F7235-AA4B-4F08-8801-12B44234D200}"
EndProject
Project("{FAE04EC0-301F-11D3-BF4B-00C04F79EFBC}") = "MicroService", "MicroService\MicroService.csproj", "{389A2C7F-42B3-4055-8762-8399F6BEE9B4}"
EndProject
Global
	GlobalSection(SolutionConfigurationPlatforms) = preSolution
		Debug|Any CPU = Debug|Any CPU
		Release|Any CPU = Release|Any CPU
	EndGlobalSection
	GlobalSection(ProjectConfigurationPlatforms) = postSolution
		{7DC66FCA-3853-468A-914D-8FFFE9D2237A}.Debug|Any CPU.ActiveCfg = Debug|Any CPU
		{7DC66FCA-3853-468A-914D-8FFFE9D2237A}.Debug|Any CPU.Build.0 = Debug|Any CPU
		{7DC66FCA-3853-468A-914D-8FFFE9D2237A}.Release|Any CPU.ActiveCfg = Release|Any CPU
		{7DC66FCA-3853-468A-914D-8FFFE9D2237A}.Release|Any CPU.Build.0 = Release|Any CPU
		{127F7235-AA4B-4F08-8801-12B44234D200}.Debug|Any CPU.ActiveCfg = Debug|Any CPU
		{127F7235-AA4B-4F08-8801-12B44234D200}.Debug|Any CPU.Build.0 = Debug|Any CPU
		{127F7235-AA4B-4F08-8801-12B44234D200}.Release|Any CPU.ActiveCfg = Release|Any CPU
		{127F7235-AA4B-4F08-8801-12B44234D200}.Release|Any CPU.Build.0 = Release|Any CPU
		{389A2C7F-42B3-4055-8762-8399F6BEE9B4}.Debug|Any CPU.ActiveCfg = Debug|Any CPU
		{389A2C7F-42B3-4055-8762-8399F6BEE9B4}.Debug|Any CPU.Build.0 = Debug|Any CPU
		{389A2C7F-42B3-4055-8762-8399F6BEE9B4}.Release|Any CPU.ActiveCfg = Release|Any CPU
		{389A2C7F-42B3-4055-8762-8399F6BEE9B4}.Release|Any CPU.Build.0 = Release|Any CPU
	EndGlobalSection
	GlobalSection(SolutionProperties) = preSolution
		HideSolutionNode = FALSE
	EndGlobalSection
	GlobalSection(ExtensibilityGlobals) = postSolution
		SolutionGuid = {31151690-D515-46C6-A74A-F49DF022C469}
	EndGlobalSection
EndGlobal
